{
  "version": "5",
  "remote": {
    "https://esm.sh/@supabase/supabase-js@2.108.1": "fca0990662d240263b440bc055ea919312c0d27f7ab295e835e1644cf49200ce"
  },
  "workspace": {
    "packageJson": {
      "dependencies": [
        "npm:@expo/vector-icons@^15.0.3",
        "npm:@react-native-async-storage/async-storage@2.2.0",
        "npm:@react-native-community/datetimepicker@8.4.4",
        "npm:@react-native-community/netinfo@11.4.1",
        "npm:@react-native-google-signin/google-signin@^16.1.2",
        "npm:@react-navigation/bottom-tabs@^7.15.5",
        "npm:@react-navigation/elements@^2.9.10",
        "npm:@react-navigation/material-top-tabs@^7.6.14",
        "npm:@react-navigation/native@^7.1.33",
        "npm:@supabase/ssr@0.12",
        "npm:@supabase/supabase-js@^2.108.1",
        "npm:@types/react@~19.1.10",
        "npm:@types/upng-js@^2.1.5",
        "npm:eslint-config-expo@10.0",
        "npm:eslint@9",
        "npm:expo-camera@~17.0.10",
        "npm:expo-constants@~18.0.13",
        "npm:expo-crypto@~15.0.9",
        "npm:expo-dev-client@~6.0.21",
        "npm:expo-device@~8.0.10",
        "npm:expo-file-system@~19.0.23",
        "npm:expo-font@~14.0.12",
        "npm:expo-glass-effect@~0.1.10",
        "npm:expo-haptics@~15.0.8",
        "npm:expo-image-manipulator@~14.0.8",
        "npm:expo-image-picker@~17.0.11",
        "npm:expo-image@~3.0.11",
        "npm:expo-linear-gradient@~15.0.8",
        "npm:expo-linking@~8.0.12",
        "npm:expo-location@~19.0.8",
        "npm:expo-notifications@~0.32.17",
        "npm:expo-print@~15.0.8",
        "npm:expo-router@~6.0.24",
        "npm:expo-secure-store@~15.0.8",
        "npm:expo-sensors@~15.0.8",
        "npm:expo-sharing@~14.0.8",
        "npm:expo-speech@~14.0.8",
        "npm:expo-splash-screen@~31.0.13",
        "npm:expo-sqlite@~16.0.10",
        "npm:expo-status-bar@~3.0.9",
        "npm:expo-symbols@~1.0.8",
        "npm:expo-system-ui@~6.0.9",
        "npm:expo-web-browser@~15.0.11",
        "npm:expo@~54.0.35",
        "npm:react-dom@19.1.0",
        "npm:react-native-fast-tflite@^3.0.1",
        "npm:react-native-gesture-handler@2.28",
        "npm:react-native-gifted-charts@^1.4.77",
        "npm:react-native-maps@1.20.1",
        "npm:react-native-pager-view@6.9.1",
        "npm:react-native-qrcode-svg@^6.3.21",
        "npm:react-native-reanimated@~4.1.1",
        "npm:react-native-safe-area-context@~5.6.2",
        "npm:react-native-screens@4.16",
        "npm:react-native-svg@15.12.1",
        "npm:react-native-url-polyfill@3",
        "npm:react-native-vision-camera@^5.0.11",
        "npm:react-native-web@0.21",
        "npm:react-native-worklets@0.5.1",
        "npm:react-native@0.81.5",
        "npm:react@19.1.0",
        "npm:supabase@^2.106.0",
        "npm:typescript@~5.9.2",
        "npm:upng-js@^2.1.0",
        "npm:zustand@^5.0.14"
      ]
    }
  }
}
